
Microsoft Visual Studio Solution File, Format Version 12.00
# Visual Studio Version 17
VisualStudioVersion = 17.14.36127.28 d17.14
MinimumVisualStudioVersion = 10.0.40219.1
Project("{FAE04EC0-301F-11D3-BF4B-00C04F79EFBC}") = "SchoolManagementSystem", "SchoolManagementSystem\SchoolManagementSystem.csproj", "{FE7DC97B-7C80-4D4D-969B-3BA5311689F9}"
EndProject
Global
	GlobalSection(SolutionConfigurationPlatforms) = preSolution
		Debug|Any CPU = Debug|Any CPU
		Release|Any CPU = Release|Any CPU
	EndGlobalSection
	GlobalSection(ProjectConfigurationPlatforms) = postSolution
		{FE7DC97B-7C80-4D4D-969B-3BA5311689F9}.Debug|Any CPU.ActiveCfg = Debug|Any CPU
		{FE7DC97B-7C80-4D4D-969B-3BA5311689F9}.Debug|Any CPU.Build.0 = Debug|Any CPU
		{FE7DC97B-7C80-4D4D-969B-3BA5311689F9}.Release|Any CPU.ActiveCfg = Release|Any CPU
		{FE7DC97B-7C80-4D4D-969B-3BA5311689F9}.Release|Any CPU.Build.0 = Release|Any CPU
	EndGlobalSection
	GlobalSection(SolutionProperties) = preSolution
		HideSolutionNode = FALSE
	EndGlobalSection
	GlobalSection(ExtensibilityGlobals) = postSolution
		SolutionGuid = {2B843CB7-A31D-4F99-963C-AD103B7BC1D4}
	EndGlobalSection
EndGlobal
